
Microsoft Visual Studio Solution File, Format Version 12.00
# Visual Studio Version 17
VisualStudioVersion = 17.0.32014.148
MinimumVisualStudioVersion = 10.0.40219.1
Project("{FAE04EC0-301F-11D3-BF4B-00C04F79EFBC}") = "webapp", "webapp\webapp.csproj", "{B3401BA8-2D6A-430D-8472-61A30A9B3C8A}"
EndProject
Global
	GlobalSection(SolutionConfigurationPlatforms) = preSolution
		Debug|Any CPU = Debug|Any CPU
		Release|Any CPU = Release|Any CPU
	EndGlobalSection
	GlobalSection(ProjectConfigurationPlatforms) = postSolution
		{B3401BA8-2D6A-430D-8472-61A30A9B3C8A}.Debug|Any CPU.ActiveCfg = Debug|Any CPU
		{B3401BA8-2D6A-430D-8472-61A30A9B3C8A}.Debug|Any CPU.Build.0 = Debug|Any CPU
		{B3401BA8-2D6A-430D-8472-61A30A9B3C8A}.Release|Any CPU.ActiveCfg = Release|Any CPU
		{B3401BA8-2D6A-430D-8472-61A30A9B3C8A}.Release|Any CPU.Build.0 = Release|Any CPU
	EndGlobalSection
	GlobalSection(SolutionProperties) = preSolution
		HideSolutionNode = FALSE
	EndGlobalSection
	GlobalSection(ExtensibilityGlobals) = postSolution
		SolutionGuid = {AD27BDC6-1F24-4A8F-AF8D-9DBF4A1EC185}
	EndGlobalSection
EndGlobal
